# THIS IS AN AUTOGENERATED FILE. DO NOT EDIT THIS FILE DIRECTLY.
# yarn lockfile v1


"@webgpu/types@^0.1.34":
  version "0.1.34"
  resolved "http://npm-registry.qunhequnhe.com/@webgpu%2ftypes/-/types-0.1.34.tgz#4537c9cae874a63ef79d7afdc2c36a792581d4ad"
  integrity sha512-9mXtH+CC8q+Ku7Z+1XazNIte81FvfdXwR2lLRO7Ykzjd/hh1J1krJa0gtnkF1kvP11psUmKEPKo7iMTeEcUpNA==
